// !$*UTF8*$!
{
	archiveVersion = 1;
	classes = {
	};
	objectVersion = 46;
	objects = {

/* Begin PBXBuildFile section */
		BD1505EB15CF98390096EB13 /* libNUIKit.a in Frameworks */ = {isa = PBXBuildFile; fileRef = BD1505EA15CF98390096EB13 /* libNUIKit.a */; };
		BD71D6E518F26AAF0062436F /* InfoPlist.strings in Resources */ = {isa = PBXBuildFile; fileRef = BD71D6E218F26AAF0062436F /* InfoPlist.strings */; };
		BD71D6F418F26AEC0062436F /* AppDelegate.m in Sources */ = {isa = PBXBuildFile; fileRef = BD71D6E918F26AEC0062436F /* AppDelegate.m */; };
		BD71D6F518F26AEC0062436F /* CellLayoutViewController.m in Sources */ = {isa = PBXBuildFile; fileRef = BD71D6EB18F26AEC0062436F /* CellLayoutViewController.m */; };
		BD71D6F618F26AEC0062436F /* main.m in Sources */ = {isa = PBXBuildFile; fileRef = BD71D6EC18F26AEC0062436F /* main.m */; };
		BD71D6F718F26AEC0062436F /* MasterViewController.m in Sources */ = {isa = PBXBuildFile; fileRef = BD71D6EE18F26AEC0062436F /* MasterViewController.m */; };
		BD71D6F818F26AEC0062436F /* NUIViewController.m in Sources */ = {isa = PBXBuildFile; fileRef = BD71D6F118F26AEC0062436F /* NUIViewController.m */; };
		BD71D6F918F26AEC0062436F /* StackLayoutViewController.m in Sources */ = {isa = PBXBuildFile; fileRef = BD71D6F318F26AEC0062436F /* StackLayoutViewController.m */; };
		BDFBE90815B3E21F00A7822C /* UIKit.framework in Frameworks */ = {isa = PBXBuildFile; fileRef = BDFBE90715B3E21F00A7822C /* UIKit.framework */; };
		BDFBE90A15B3E21F00A7822C /* Foundation.framework in Frameworks */ = {isa = PBXBuildFile; fileRef = BDFBE90915B3E21F00A7822C /* Foundation.framework */; };
		BDFBE90C15B3E21F00A7822C /* CoreGraphics.framework in Frameworks */ = {isa = PBXBuildFile; fileRef = BDFBE90B15B3E21F00A7822C /* CoreGraphics.framework */; };
		BDFBE93F15B3E3A500A7822C /* nui.nui in Resources */ = {isa = PBXBuildFile; fileRef = BDFBE93D15B3E3A500A7822C /* nui.nui */; };
		BDFBE94015B3E3A500A7822C /* styles.nui in Resources */ = {isa = PBXBuildFile; fileRef = BDFBE93E15B3E3A500A7822C /* styles.nui */; };
		BDFBE94215B3E48A00A7822C /* ViewControllers.plist in Resources */ = {isa = PBXBuildFile; fileRef = BDFBE94115B3E48A00A7822C /* ViewControllers.plist */; };
		CD6B0619E48D72D349C424E7 /* separator.png in Resources */ = {isa = PBXBuildFile; fileRef = CD6B02E379C9383834A27684 /* separator.png */; };
		CD6B07416B01885A0C98FB2B /* photo.jpg in Resources */ = {isa = PBXBuildFile; fileRef = CD6B004556D238ABC4F8635A /* photo.jpg */; };
/* End PBXBuildFile section */

/* Begin PBXFileReference section */
		BD1505EA15CF98390096EB13 /* libNUIKit.a */ = {isa = PBXFileReference; lastKnownFileType = archive.ar; path = libNUIKit.a; sourceTree = BUILT_PRODUCTS_DIR; };
		BD71D6E318F26AAF0062436F /* en */ = {isa = PBXFileReference; lastKnownFileType = text.plist.strings; name = en; path = InfoPlist.strings; sourceTree = "<group>"; };
		BD71D6E418F26AAF0062436F /* NUIDemo-Info.plist */ = {isa = PBXFileReference; fileEncoding = 4; lastKnownFileType = text.plist.xml; path = "NUIDemo-Info.plist"; sourceTree = "<group>"; };
		BD71D6E818F26AEC0062436F /* AppDelegate.h */ = {isa = PBXFileReference; fileEncoding = 4; lastKnownFileType = sourcecode.c.h; path = AppDelegate.h; sourceTree = "<group>"; };
		BD71D6E918F26AEC0062436F /* AppDelegate.m */ = {isa = PBXFileReference; fileEncoding = 4; lastKnownFileType = sourcecode.c.objc; path = AppDelegate.m; sourceTree = "<group>"; };
		BD71D6EA18F26AEC0062436F /* CellLayoutViewController.h */ = {isa = PBXFileReference; fileEncoding = 4; lastKnownFileType = sourcecode.c.h; path = CellLayoutViewController.h; sourceTree = "<group>"; };
		BD71D6EB18F26AEC0062436F /* CellLayoutViewController.m */ = {isa = PBXFileReference; fileEncoding = 4; lastKnownFileType = sourcecode.c.objc; path = CellLayoutViewController.m; sourceTree = "<group>"; };
		BD71D6EC18F26AEC0062436F /* main.m */ = {isa = PBXFileReference; fileEncoding = 4; lastKnownFileType = sourcecode.c.objc; path = main.m; sourceTree = "<group>"; };
		BD71D6ED18F26AEC0062436F /* MasterViewController.h */ = {isa = PBXFileReference; fileEncoding = 4; lastKnownFileType = sourcecode.c.h; path = MasterViewController.h; sourceTree = "<group>"; };
		BD71D6EE18F26AEC0062436F /* MasterViewController.m */ = {isa = PBXFileReference; fileEncoding = 4; lastKnownFileType = sourcecode.c.objc; path = MasterViewController.m; sourceTree = "<group>"; };
		BD71D6EF18F26AEC0062436F /* NUIDemo-Prefix.pch */ = {isa = PBXFileReference; fileEncoding = 4; lastKnownFileType = sourcecode.c.h; path = "NUIDemo-Prefix.pch"; sourceTree = "<group>"; };
		BD71D6F018F26AEC0062436F /* NUIViewController.h */ = {isa = PBXFileReference; fileEncoding = 4; lastKnownFileType = sourcecode.c.h; path = NUIViewController.h; sourceTree = "<group>"; };
		BD71D6F118F26AEC0062436F /* NUIViewController.m */ = {isa = PBXFileReference; fileEncoding = 4; lastKnownFileType = sourcecode.c.objc; path = NUIViewController.m; sourceTree = "<group>"; };
		BD71D6F218F26AEC0062436F /* StackLayoutViewController.h */ = {isa = PBXFileReference; fileEncoding = 4; lastKnownFileType = sourcecode.c.h; path = StackLayoutViewController.h; sourceTree = "<group>"; };
		BD71D6F318F26AEC0062436F /* StackLayoutViewController.m */ = {isa = PBXFileReference; fileEncoding = 4; lastKnownFileType = sourcecode.c.objc; path = StackLayoutViewController.m; sourceTree = "<group>"; };
		BDFBE90315B3E21F00A7822C /* NUIDemo.app */ = {isa = PBXFileReference; explicitFileType = wrapper.application; includeInIndex = 0; path = NUIDemo.app; sourceTree = BUILT_PRODUCTS_DIR; };
		BDFBE90715B3E21F00A7822C /* UIKit.framework */ = {isa = PBXFileReference; lastKnownFileType = wrapper.framework; name = UIKit.framework; path = System/Library/Frameworks/UIKit.framework; sourceTree = SDKROOT; };
		BDFBE90915B3E21F00A7822C /* Foundation.framework */ = {isa = PBXFileReference; lastKnownFileType = wrapper.framework; name = Foundation.framework; path = System/Library/Frameworks/Foundation.framework; sourceTree = SDKROOT; };
		BDFBE90B15B3E21F00A7822C /* CoreGraphics.framework */ = {isa = PBXFileReference; lastKnownFileType = wrapper.framework; name = CoreGraphics.framework; path = System/Library/Frameworks/CoreGraphics.framework; sourceTree = SDKROOT; };
		BDFBE93D15B3E3A500A7822C /* nui.nui */ = {isa = PBXFileReference; fileEncoding = 4; lastKnownFileType = text; path = nui.nui; sourceTree = "<group>"; };
		BDFBE93E15B3E3A500A7822C /* styles.nui */ = {isa = PBXFileReference; fileEncoding = 4; lastKnownFileType = text; path = styles.nui; sourceTree = "<group>"; };
		BDFBE94115B3E48A00A7822C /* ViewControllers.plist */ = {isa = PBXFileReference; fileEncoding = 4; lastKnownFileType = text.plist.xml; path = ViewControllers.plist; sourceTree = "<group>"; };
		CD6B004556D238ABC4F8635A /* photo.jpg */ = {isa = PBXFileReference; lastKnownFileType = image.jpeg; path = photo.jpg; sourceTree = "<group>"; };
		CD6B02E379C9383834A27684 /* separator.png */ = {isa = PBXFileReference; lastKnownFileType = image.png; path = separator.png; sourceTree = "<group>"; };
/* End PBXFileReference section */

/* Begin PBXFrameworksBuildPhase section */
		BDFBE90015B3E21F00A7822C /* Frameworks */ = {
			isa = PBXFrameworksBuildPhase;
			buildActionMask = 2147483647;
			files = (
				BD1505EB15CF98390096EB13 /* libNUIKit.a in Frameworks */,
				BDFBE90815B3E21F00A7822C /* UIKit.framework in Frameworks */,
				BDFBE90A15B3E21F00A7822C /* Foundation.framework in Frameworks */,
				BDFBE90C15B3E21F00A7822C /* CoreGraphics.framework in Frameworks */,
			);
			runOnlyForDeploymentPostprocessing = 0;
		};
/* End PBXFrameworksBuildPhase section */

/* Begin PBXGroup section */
		BD71D6E118F26AAF0062436F /* en.lproj */ = {
			isa = PBXGroup;
			children = (
				BD71D6E218F26AAF0062436F /* InfoPlist.strings */,
			);
			path = en.lproj;
			sourceTree = "<group>";
		};
		BD71D6E718F26AEC0062436F /* Internal */ = {
			isa = PBXGroup;
			children = (
				BD71D6E818F26AEC0062436F /* AppDelegate.h */,
				BD71D6E918F26AEC0062436F /* AppDelegate.m */,
				BD71D6EA18F26AEC0062436F /* CellLayoutViewController.h */,
				BD71D6EB18F26AEC0062436F /* CellLayoutViewController.m */,
				BD71D6EC18F26AEC0062436F /* main.m */,
				BD71D6ED18F26AEC0062436F /* MasterViewController.h */,
				BD71D6EE18F26AEC0062436F /* MasterViewController.m */,
				BD71D6EF18F26AEC0062436F /* NUIDemo-Prefix.pch */,
				BD71D6F018F26AEC0062436F /* NUIViewController.h */,
				BD71D6F118F26AEC0062436F /* NUIViewController.m */,
				BD71D6F218F26AEC0062436F /* StackLayoutViewController.h */,
				BD71D6F318F26AEC0062436F /* StackLayoutViewController.m */,
			);
			path = Internal;
			sourceTree = "<group>";
		};
		BDFBE8F815B3E21F00A7822C = {
			isa = PBXGroup;
			children = (
				BD71D6E718F26AEC0062436F /* Internal */,
				BDFBE93C15B3E3A500A7822C /* Resources */,
				BDFBE90615B3E21F00A7822C /* Frameworks */,
				BDFBE90415B3E21F00A7822C /* Products */,
			);
			sourceTree = "<group>";
		};
		BDFBE90415B3E21F00A7822C /* Products */ = {
			isa = PBXGroup;
			children = (
				BDFBE90315B3E21F00A7822C /* NUIDemo.app */,
			);
			name = Products;
			sourceTree = "<group>";
		};
		BDFBE90615B3E21F00A7822C /* Frameworks */ = {
			isa = PBXGroup;
			children = (
				BD1505EA15CF98390096EB13 /* libNUIKit.a */,
				BDFBE90715B3E21F00A7822C /* UIKit.framework */,
				BDFBE90915B3E21F00A7822C /* Foundation.framework */,
				BDFBE90B15B3E21F00A7822C /* CoreGraphics.framework */,
			);
			name = Frameworks;
			sourceTree = "<group>";
		};
		BDFBE93C15B3E3A500A7822C /* Resources */ = {
			isa = PBXGroup;
			children = (
				BD71D6E118F26AAF0062436F /* en.lproj */,
				BD71D6E418F26AAF0062436F /* NUIDemo-Info.plist */,
				BDFBE93D15B3E3A500A7822C /* nui.nui */,
				BDFBE93E15B3E3A500A7822C /* styles.nui */,
				BDFBE94115B3E48A00A7822C /* ViewControllers.plist */,
				CD6B02E379C9383834A27684 /* separator.png */,
				CD6B004556D238ABC4F8635A /* photo.jpg */,
			);
			path = Resources;
			sourceTree = "<group>";
		};
/* End PBXGroup section */

/* Begin PBXNativeTarget section */
		BDFBE90215B3E21F00A7822C /* NUIDemo */ = {
			isa = PBXNativeTarget;
			buildConfigurationList = BDFBE92715B3E21F00A7822C /* Build configuration list for PBXNativeTarget "NUIDemo" */;
			buildPhases = (
				BDFBE8FF15B3E21F00A7822C /* Sources */,
				BDFBE90015B3E21F00A7822C /* Frameworks */,
				BDFBE90115B3E21F00A7822C /* Resources */,
			);
			buildRules = (
			);
			dependencies = (
			);
			name = NUIDemo;
			productName = NUIDemo;
			productReference = BDFBE90315B3E21F00A7822C /* NUIDemo.app */;
			productType = "com.apple.product-type.application";
		};
/* End PBXNativeTarget section */

/* Begin PBXProject section */
		BDFBE8FA15B3E21F00A7822C /* Project object */ = {
			isa = PBXProject;
			attributes = {
				LastUpgradeCheck = 0510;
			};
			buildConfigurationList = BDFBE8FD15B3E21F00A7822C /* Build configuration list for PBXProject "NUIDemo" */;
			compatibilityVersion = "Xcode 3.2";
			developmentRegion = English;
			hasScannedForEncodings = 0;
			knownRegions = (
				en,
			);
			mainGroup = BDFBE8F815B3E21F00A7822C;
			productRefGroup = BDFBE90415B3E21F00A7822C /* Products */;
			projectDirPath = "";
			projectRoot = "";
			targets = (
				BDFBE90215B3E21F00A7822C /* NUIDemo */,
			);
		};
/* End PBXProject section */

/* Begin PBXResourcesBuildPhase section */
		BDFBE90115B3E21F00A7822C /* Resources */ = {
			isa = PBXResourcesBuildPhase;
			buildActionMask = 2147483647;
			files = (
				BDFBE93F15B3E3A500A7822C /* nui.nui in Resources */,
				BD71D6E518F26AAF0062436F /* InfoPlist.strings in Resources */,
				BDFBE94015B3E3A500A7822C /* styles.nui in Resources */,
				BDFBE94215B3E48A00A7822C /* ViewControllers.plist in Resources */,
				CD6B0619E48D72D349C424E7 /* separator.png in Resources */,
				CD6B07416B01885A0C98FB2B /* photo.jpg in Resources */,
			);
			runOnlyForDeploymentPostprocessing = 0;
		};
/* End PBXResourcesBuildPhase section */

/* Begin PBXSourcesBuildPhase section */
		BDFBE8FF15B3E21F00A7822C /* Sources */ = {
			isa = PBXSourcesBuildPhase;
			buildActionMask = 2147483647;
			files = (
				BD71D6F818F26AEC0062436F /* NUIViewController.m in Sources */,
				BD71D6F918F26AEC0062436F /* StackLayoutViewController.m in Sources */,
				BD71D6F718F26AEC0062436F /* MasterViewController.m in Sources */,
				BD71D6F518F26AEC0062436F /* CellLayoutViewController.m in Sources */,
				BD71D6F618F26AEC0062436F /* main.m in Sources */,
				BD71D6F418F26AEC0062436F /* AppDelegate.m in Sources */,
			);
			runOnlyForDeploymentPostprocessing = 0;
		};
/* End PBXSourcesBuildPhase section */

/* Begin PBXVariantGroup section */
		BD71D6E218F26AAF0062436F /* InfoPlist.strings */ = {
			isa = PBXVariantGroup;
			children = (
				BD71D6E318F26AAF0062436F /* en */,
			);
			name = InfoPlist.strings;
			sourceTree = "<group>";
		};
/* End PBXVariantGroup section */

/* Begin XCBuildConfiguration section */
		BDFBE92515B3E21F00A7822C /* Debug */ = {
			isa = XCBuildConfiguration;
			buildSettings = {
				ALWAYS_SEARCH_USER_PATHS = NO;
				CLANG_WARN_BOOL_CONVERSION = YES;
				CLANG_WARN_CONSTANT_CONVERSION = YES;
				CLANG_WARN_EMPTY_BODY = YES;
				CLANG_WARN_ENUM_CONVERSION = YES;
				CLANG_WARN_INT_CONVERSION = YES;
				CLANG_WARN__DUPLICATE_METHOD_MATCH = YES;
				"CODE_SIGN_IDENTITY[sdk=iphoneos*]" = "iPhone Developer";
				COPY_PHASE_STRIP = NO;
				GCC_C_LANGUAGE_STANDARD = gnu99;
				GCC_DYNAMIC_NO_PIC = NO;
				GCC_OPTIMIZATION_LEVEL = 0;
				GCC_PREPROCESSOR_DEFINITIONS = (
					"DEBUG=1",
					"$(inherited)",
				);
				GCC_SYMBOLS_PRIVATE_EXTERN = NO;
				GCC_VERSION = com.apple.compilers.llvm.clang.1_0;
				GCC_WARN_64_TO_32_BIT_CONVERSION = YES;
				GCC_WARN_ABOUT_RETURN_TYPE = YES;
				GCC_WARN_UNDECLARED_SELECTOR = YES;
				GCC_WARN_UNINITIALIZED_AUTOS = YES;
				GCC_WARN_UNUSED_FUNCTION = YES;
				GCC_WARN_UNUSED_VARIABLE = YES;
				IPHONEOS_DEPLOYMENT_TARGET = 6.0;
				ONLY_ACTIVE_ARCH = YES;
				SDKROOT = iphoneos;
			};
			name = Debug;
		};
		BDFBE92615B3E21F00A7822C /* Release */ = {
			isa = XCBuildConfiguration;
			buildSettings = {
				ALWAYS_SEARCH_USER_PATHS = NO;
				CLANG_WARN_BOOL_CONVERSION = YES;
				CLANG_WARN_CONSTANT_CONVERSION = YES;
				CLANG_WARN_EMPTY_BODY = YES;
				CLANG_WARN_ENUM_CONVERSION = YES;
				CLANG_WARN_INT_CONVERSION = YES;
				CLANG_WARN__DUPLICATE_METHOD_MATCH = YES;
				"CODE_SIGN_IDENTITY[sdk=iphoneos*]" = "iPhone Developer";
				COPY_PHASE_STRIP = YES;
				GCC_C_LANGUAGE_STANDARD = gnu99;
				GCC_VERSION = com.apple.compilers.llvm.clang.1_0;
				GCC_WARN_64_TO_32_BIT_CONVERSION = YES;
				GCC_WARN_ABOUT_RETURN_TYPE = YES;
				GCC_WARN_UNDECLARED_SELECTOR = YES;
				GCC_WARN_UNINITIALIZED_AUTOS = YES;
				GCC_WARN_UNUSED_FUNCTION = YES;
				GCC_WARN_UNUSED_VARIABLE = YES;
				IPHONEOS_DEPLOYMENT_TARGET = 6.0;
				OTHER_CFLAGS = "-DNS_BLOCK_ASSERTIONS=1";
				SDKROOT = iphoneos;
				VALIDATE_PRODUCT = YES;
			};
			name = Release;
		};
		BDFBE92815B3E21F00A7822C /* Debug */ = {
			isa = XCBuildConfiguration;
			buildSettings = {
				CLANG_ENABLE_OBJC_ARC = YES;
				GCC_PRECOMPILE_PREFIX_HEADER = YES;
				GCC_PREFIX_HEADER = "Internal/NUIDemo-Prefix.pch";
				INFOPLIST_FILE = "$(SRCROOT)/Resources/NUIDemo-Info.plist";
				LIBRARY_SEARCH_PATHS = "$(inherited)";
				OTHER_LDFLAGS = (
					"-ObjC",
					"-all_load",
				);
				PRODUCT_NAME = "$(TARGET_NAME)";
				USER_HEADER_SEARCH_PATHS = "$(BUILT_PRODUCTS_DIR)/**";
				WRAPPER_EXTENSION = app;
			};
			name = Debug;
		};
		BDFBE92915B3E21F00A7822C /* Release */ = {
			isa = XCBuildConfiguration;
			buildSettings = {
				CLANG_ENABLE_OBJC_ARC = YES;
				GCC_PRECOMPILE_PREFIX_HEADER = YES;
				GCC_PREFIX_HEADER = "Internal/NUIDemo-Prefix.pch";
				INFOPLIST_FILE = "$(SRCROOT)/Resources/NUIDemo-Info.plist";
				LIBRARY_SEARCH_PATHS = "$(inherited)";
				OTHER_LDFLAGS = (
					"-ObjC",
					"-all_load",
				);
				PRODUCT_NAME = "$(TARGET_NAME)";
				USER_HEADER_SEARCH_PATHS = "$(BUILT_PRODUCTS_DIR)/**";
				WRAPPER_EXTENSION = app;
			};
			name = Release;
		};
/* End XCBuildConfiguration section */

/* Begin XCConfigurationList section */
		BDFBE8FD15B3E21F00A7822C /* Build configuration list for PBXProject "NUIDemo" */ = {
			isa = XCConfigurationList;
			buildConfigurations = (
				BDFBE92515B3E21F00A7822C /* Debug */,
				BDFBE92615B3E21F00A7822C /* Release */,
			);
			defaultConfigurationIsVisible = 0;
			defaultConfigurationName = Release;
		};
		BDFBE92715B3E21F00A7822C /* Build configuration list for PBXNativeTarget "NUIDemo" */ = {
			isa = XCConfigurationList;
			buildConfigurations = (
				BDFBE92815B3E21F00A7822C /* Debug */,
				BDFBE92915B3E21F00A7822C /* Release */,
			);
			defaultConfigurationIsVisible = 0;
			defaultConfigurationName = Release;
		};
/* End XCConfigurationList section */
	};
	rootObject = BDFBE8FA15B3E21F00A7822C /* Project object */;
}
